PODS:
  - amwal_api (0.0.1):
    - AmwalPayment (~> 0.1.1)
    - Flutter
  - AmwalPayment (0.1.1)
  - Flutter (1.0.0)
  - integration_test (0.0.1):
    - Flutter

DEPENDENCIES:
  - amwal_api (from `.symlinks/plugins/amwal_api/ios`)
  - Flutter (from `Flutter`)
  - integration_test (from `.symlinks/plugins/integration_test/ios`)

SPEC REPOS:
  trunk:
    - AmwalPayment

EXTERNAL SOURCES:
  amwal_api:
    :path: ".symlinks/plugins/amwal_api/ios"
  Flutter:
    :path: Flutter
  integration_test:
    :path: ".symlinks/plugins/integration_test/ios"

SPEC CHECKSUMS:
  amwal_api: 988a6f628585f92fac0872146f6d3b57d59619e3
  AmwalPayment: 0384060d402c262346e64aea73f6f8c762c95621
  Flutter: f04841e97a9d0b0a8025694d0796dd46242b2854
  integration_test: 13825b8a9334a850581300559b8839134b124670

PODFILE CHECKSUM: fbe0dab253e4b5916dba0d634787d307ff11c182

COCOAPODS: 1.12.1
